
Microsoft Visual Studio Solution File, Format Version 12.00
# Visual Studio Version 18
VisualStudioVersion = 18.3.11520.95
MinimumVisualStudioVersion = 10.0.40219.1
Project("{FAE04EC0-301F-11D3-BF4B-00C04F79EFBC}") = "PP2_SC-701_GrupoF", "PP2_SC-701_GrupoF\PP2_SC-701_GrupoF.csproj", "{6B04BB5E-6CE2-01D9-2D49-838C53D27F0C}"
EndProject
Project("{FAE04EC0-301F-11D3-BF4B-00C04F79EFBC}") = "PP2_SC-701_GrupoFBLL", "PP2_SC-701_GrupoFBLL\PP2_SC-701_GrupoFBLL.csproj", "{B68BB935-E32C-2DBE-EADA-13D21C4B75F6}"
EndProject
Project("{FAE04EC0-301F-11D3-BF4B-00C04F79EFBC}") = "PP2_SC-701_GrupoFDAL", "PP2_SC-701_GrupoFDAL\PP2_SC-701_GrupoFDAL.csproj", "{4F777DDE-2AEB-4B66-7E7C-2C1C4D2A69AD}"
EndProject
Global
	GlobalSection(SolutionConfigurationPlatforms) = preSolution
		Debug|Any CPU = Debug|Any CPU
		Release|Any CPU = Release|Any CPU
	EndGlobalSection
	GlobalSection(ProjectConfigurationPlatforms) = postSolution
		{6B04BB5E-6CE2-01D9-2D49-838C53D27F0C}.Debug|Any CPU.ActiveCfg = Debug|Any CPU
		{6B04BB5E-6CE2-01D9-2D49-838C53D27F0C}.Debug|Any CPU.Build.0 = Debug|Any CPU
		{6B04BB5E-6CE2-01D9-2D49-838C53D27F0C}.Release|Any CPU.ActiveCfg = Release|Any CPU
		{6B04BB5E-6CE2-01D9-2D49-838C53D27F0C}.Release|Any CPU.Build.0 = Release|Any CPU
		{B68BB935-E32C-2DBE-EADA-13D21C4B75F6}.Debug|Any CPU.ActiveCfg = Debug|Any CPU
		{B68BB935-E32C-2DBE-EADA-13D21C4B75F6}.Debug|Any CPU.Build.0 = Debug|Any CPU
		{B68BB935-E32C-2DBE-EADA-13D21C4B75F6}.Release|Any CPU.ActiveCfg = Release|Any CPU
		{B68BB935-E32C-2DBE-EADA-13D21C4B75F6}.Release|Any CPU.Build.0 = Release|Any CPU
		{4F777DDE-2AEB-4B66-7E7C-2C1C4D2A69AD}.Debug|Any CPU.ActiveCfg = Debug|Any CPU
		{4F777DDE-2AEB-4B66-7E7C-2C1C4D2A69AD}.Debug|Any CPU.Build.0 = Debug|Any CPU
		{4F777DDE-2AEB-4B66-7E7C-2C1C4D2A69AD}.Release|Any CPU.ActiveCfg = Release|Any CPU
		{4F777DDE-2AEB-4B66-7E7C-2C1C4D2A69AD}.Release|Any CPU.Build.0 = Release|Any CPU
	EndGlobalSection
	GlobalSection(SolutionProperties) = preSolution
		HideSolutionNode = FALSE
	EndGlobalSection
	GlobalSection(ExtensibilityGlobals) = postSolution
		SolutionGuid = {DB294D42-B84E-432A-89AF-489A1EB52187}
	EndGlobalSection
EndGlobal
